// !$*UTF8*$!
{
	archiveVersion = 1;
	classes = {
	};
	objectVersion = 55;
	objects = {

/* Begin PBXBuildFile section */
		0654331BB0B812A8358609BE /* DataSources.framework in Embed Frameworks */ = {isa = PBXBuildFile; fileRef = B21014905AE0D4D1CD25EA67 /* DataSources.framework */; settings = {ATTRIBUTES = (CodeSignOnCopy, RemoveHeadersOnCopy, ); }; };
		1CA998C627766237F2232BEB /* MyCommon in Frameworks */ = {isa = PBXBuildFile; productRef = 24E270D5DE3BE92C76F672B0 /* MyCommon */; };
		1CC5497D4325800197E0D4AD /* Presentation.framework in Embed Frameworks */ = {isa = PBXBuildFile; fileRef = 537ED5DBF00B5D2B5A03A60B /* Presentation.framework */; settings = {ATTRIBUTES = (CodeSignOnCopy, RemoveHeadersOnCopy, ); }; };
		1DEE98BA8FD7189A75A03380 /* ContainerObjectScope.swift in Sources */ = {isa = PBXBuildFile; fileRef = 127EDD8500DAFDCB05F5BB42 /* ContainerObjectScope.swift */; };
		2E0EEC895733E1765D71E458 /* NetworkingAssembly.swift in Sources */ = {isa = PBXBuildFile; fileRef = 84DFB050ABDFE68375A5542F /* NetworkingAssembly.swift */; };
		2E743A6F76CCB6064D781210 /* TuistAssets+App.swift in Sources */ = {isa = PBXBuildFile; fileRef = 95D529DAAF6A9D59C44D9D68 /* TuistAssets+App.swift */; };
		3035D0058E506FE1B260F52C /* AppDelegate.swift in Sources */ = {isa = PBXBuildFile; fileRef = D436BABD6664658D14839E8F /* AppDelegate.swift */; };
		4787DFDD71F731243F3587AF /* Domain.framework in Frameworks */ = {isa = PBXBuildFile; fileRef = 6BEB75E9463ACE494A73BD36 /* Domain.framework */; };
		52D5468B5CE116E81F36453D /* Optional.swift in Sources */ = {isa = PBXBuildFile; fileRef = 37C955EFD8C7411C6358947A /* Optional.swift */; };
		60AAF357F8AA260320149EAC /* Networking.framework in Embed Frameworks */ = {isa = PBXBuildFile; fileRef = 04549A661944E62053C22EBC /* Networking.framework */; settings = {ATTRIBUTES = (CodeSignOnCopy, RemoveHeadersOnCopy, ); }; };
		63571C4C7E7C00D32C312B3D /* Networking.framework in Frameworks */ = {isa = PBXBuildFile; fileRef = 04549A661944E62053C22EBC /* Networking.framework */; };
		791E438F57DB6775DD4A8170 /* Domain.framework in Embed Frameworks */ = {isa = PBXBuildFile; fileRef = 6BEB75E9463ACE494A73BD36 /* Domain.framework */; settings = {ATTRIBUTES = (CodeSignOnCopy, RemoveHeadersOnCopy, ); }; };
		79CB864600861C7A74832D9D /* DataSourcesAssembly.swift in Sources */ = {isa = PBXBuildFile; fileRef = C61881E0F558F88CA6973E37 /* DataSourcesAssembly.swift */; };
		90792F720CFE538E401D4D87 /* DataAssembly.swift in Sources */ = {isa = PBXBuildFile; fileRef = D4616A3E65FB5E79E5AC2B1B /* DataAssembly.swift */; };
		92D28AB632880B9408B3AF89 /* App.xcassets in Resources */ = {isa = PBXBuildFile; fileRef = BAEFDC227CF85A7BB7E172BA /* App.xcassets */; };
		ABE20569E812839F89D6B4CF /* DataSources.framework in Frameworks */ = {isa = PBXBuildFile; fileRef = B21014905AE0D4D1CD25EA67 /* DataSources.framework */; };
		B32F31ED18F14132B266A153 /* DIConfigurator.swift in Sources */ = {isa = PBXBuildFile; fileRef = 0D521E165C1717AF31A03663 /* DIConfigurator.swift */; };
		B493D067AC897BE439C631AC /* Data.framework in Embed Frameworks */ = {isa = PBXBuildFile; fileRef = 8AF7E105F5FEC83A7A47F2E7 /* Data.framework */; settings = {ATTRIBUTES = (CodeSignOnCopy, RemoveHeadersOnCopy, ); }; };
		BEFE5226BBBBB9CEBDFCE7FD /* DomainAssembly.swift in Sources */ = {isa = PBXBuildFile; fileRef = 927660837356AC29D475A875 /* DomainAssembly.swift */; };
		C601ADA52223DEBE70B8E120 /* DIContainer.swift in Sources */ = {isa = PBXBuildFile; fileRef = BBCE597BE5FABA4B66297BD8 /* DIContainer.swift */; };
		DB7E1890C7D6E071BB2134C3 /* RegistrationConfigurator.swift in Sources */ = {isa = PBXBuildFile; fileRef = 6AF4DA1C9A27DAEE84A4DC47 /* RegistrationConfigurator.swift */; };
		DD04BCB6860CC9CA80A1B5F7 /* LaunchScreen.storyboard in Resources */ = {isa = PBXBuildFile; fileRef = 7AD06ACE1485B629CE2916CA /* LaunchScreen.storyboard */; };
		F343BFC34A1F6F392C331803 /* Data.framework in Frameworks */ = {isa = PBXBuildFile; fileRef = 8AF7E105F5FEC83A7A47F2E7 /* Data.framework */; };
		F3BFECF4647D30B252DE6E67 /* Registration.swift in Sources */ = {isa = PBXBuildFile; fileRef = 3D5042E4C02BBF5CBEEA425F /* Registration.swift */; };
		F8791705E402BF780055F988 /* Presentation.framework in Frameworks */ = {isa = PBXBuildFile; fileRef = 537ED5DBF00B5D2B5A03A60B /* Presentation.framework */; };
		FE078F42728C23B77EE02A1B /* TuistBundle+App.swift in Sources */ = {isa = PBXBuildFile; fileRef = 083CD4D343ECF7F321C1905D /* TuistBundle+App.swift */; };
/* End PBXBuildFile section */

/* Begin PBXCopyFilesBuildPhase section */
		8EFDE6013C818852098745E7 /* Embed Frameworks */ = {
			isa = PBXCopyFilesBuildPhase;
			buildActionMask = 2147483647;
			dstPath = "";
			dstSubfolderSpec = 10;
			files = (
				B493D067AC897BE439C631AC /* Data.framework in Embed Frameworks */,
				0654331BB0B812A8358609BE /* DataSources.framework in Embed Frameworks */,
				791E438F57DB6775DD4A8170 /* Domain.framework in Embed Frameworks */,
				60AAF357F8AA260320149EAC /* Networking.framework in Embed Frameworks */,
				1CC5497D4325800197E0D4AD /* Presentation.framework in Embed Frameworks */,
			);
			name = "Embed Frameworks";
			runOnlyForDeploymentPostprocessing = 0;
		};
/* End PBXCopyFilesBuildPhase section */

/* Begin PBXFileReference section */
		01E1AA015F9EE84780DE15E5 /* App-Info.plist */ = {isa = PBXFileReference; lastKnownFileType = text.plist; path = "App-Info.plist"; sourceTree = "<group>"; };
		04549A661944E62053C22EBC /* Networking.framework */ = {isa = PBXFileReference; explicitFileType = wrapper.framework; includeInIndex = 0; path = Networking.framework; sourceTree = BUILT_PRODUCTS_DIR; };
		083CD4D343ECF7F321C1905D /* TuistBundle+App.swift */ = {isa = PBXFileReference; lastKnownFileType = sourcecode.swift; path = "TuistBundle+App.swift"; sourceTree = "<group>"; };
		0D521E165C1717AF31A03663 /* DIConfigurator.swift */ = {isa = PBXFileReference; lastKnownFileType = sourcecode.swift; path = DIConfigurator.swift; sourceTree = "<group>"; };
		127EDD8500DAFDCB05F5BB42 /* ContainerObjectScope.swift */ = {isa = PBXFileReference; lastKnownFileType = sourcecode.swift; path = ContainerObjectScope.swift; sourceTree = "<group>"; };
		238736B4F728E7FDB542E37F /* Base */ = {isa = PBXFileReference; lastKnownFileType = file.storyboard; name = Base; path = Base.lproj/LaunchScreen.storyboard; sourceTree = "<group>"; };
		37C955EFD8C7411C6358947A /* Optional.swift */ = {isa = PBXFileReference; lastKnownFileType = sourcecode.swift; path = Optional.swift; sourceTree = "<group>"; };
		3D5042E4C02BBF5CBEEA425F /* Registration.swift */ = {isa = PBXFileReference; lastKnownFileType = sourcecode.swift; path = Registration.swift; sourceTree = "<group>"; };
		537ED5DBF00B5D2B5A03A60B /* Presentation.framework */ = {isa = PBXFileReference; explicitFileType = wrapper.framework; includeInIndex = 0; path = Presentation.framework; sourceTree = BUILT_PRODUCTS_DIR; };
		571E08A9083FD4334E4B7D06 /* App.app */ = {isa = PBXFileReference; explicitFileType = wrapper.application; includeInIndex = 0; path = App.app; sourceTree = BUILT_PRODUCTS_DIR; };
		6AF4DA1C9A27DAEE84A4DC47 /* RegistrationConfigurator.swift */ = {isa = PBXFileReference; lastKnownFileType = sourcecode.swift; path = RegistrationConfigurator.swift; sourceTree = "<group>"; };
		6BEB75E9463ACE494A73BD36 /* Domain.framework */ = {isa = PBXFileReference; explicitFileType = wrapper.framework; includeInIndex = 0; path = Domain.framework; sourceTree = BUILT_PRODUCTS_DIR; };
		84DFB050ABDFE68375A5542F /* NetworkingAssembly.swift */ = {isa = PBXFileReference; lastKnownFileType = sourcecode.swift; path = NetworkingAssembly.swift; sourceTree = "<group>"; };
		8AF7E105F5FEC83A7A47F2E7 /* Data.framework */ = {isa = PBXFileReference; explicitFileType = wrapper.framework; includeInIndex = 0; path = Data.framework; sourceTree = BUILT_PRODUCTS_DIR; };
		927660837356AC29D475A875 /* DomainAssembly.swift */ = {isa = PBXFileReference; lastKnownFileType = sourcecode.swift; path = DomainAssembly.swift; sourceTree = "<group>"; };
		95D529DAAF6A9D59C44D9D68 /* TuistAssets+App.swift */ = {isa = PBXFileReference; lastKnownFileType = sourcecode.swift; path = "TuistAssets+App.swift"; sourceTree = "<group>"; };
		B21014905AE0D4D1CD25EA67 /* DataSources.framework */ = {isa = PBXFileReference; explicitFileType = wrapper.framework; includeInIndex = 0; path = DataSources.framework; sourceTree = BUILT_PRODUCTS_DIR; };
		BAEFDC227CF85A7BB7E172BA /* App.xcassets */ = {isa = PBXFileReference; lastKnownFileType = folder.assetcatalog; path = App.xcassets; sourceTree = "<group>"; };
		BBCE597BE5FABA4B66297BD8 /* DIContainer.swift */ = {isa = PBXFileReference; lastKnownFileType = sourcecode.swift; path = DIContainer.swift; sourceTree = "<group>"; };
		C61881E0F558F88CA6973E37 /* DataSourcesAssembly.swift */ = {isa = PBXFileReference; lastKnownFileType = sourcecode.swift; path = DataSourcesAssembly.swift; sourceTree = "<group>"; };
		D436BABD6664658D14839E8F /* AppDelegate.swift */ = {isa = PBXFileReference; lastKnownFileType = sourcecode.swift; path = AppDelegate.swift; sourceTree = "<group>"; };
		D4616A3E65FB5E79E5AC2B1B /* DataAssembly.swift */ = {isa = PBXFileReference; lastKnownFileType = sourcecode.swift; path = DataAssembly.swift; sourceTree = "<group>"; };
/* End PBXFileReference section */

/* Begin PBXFrameworksBuildPhase section */
		BC0DC3536DED64E0E8C9923E /* Frameworks */ = {
			isa = PBXFrameworksBuildPhase;
			buildActionMask = 2147483647;
			files = (
				F343BFC34A1F6F392C331803 /* Data.framework in Frameworks */,
				ABE20569E812839F89D6B4CF /* DataSources.framework in Frameworks */,
				4787DFDD71F731243F3587AF /* Domain.framework in Frameworks */,
				63571C4C7E7C00D32C312B3D /* Networking.framework in Frameworks */,
				F8791705E402BF780055F988 /* Presentation.framework in Frameworks */,
				1CA998C627766237F2232BEB /* MyCommon in Frameworks */,
			);
			runOnlyForDeploymentPostprocessing = 0;
		};
/* End PBXFrameworksBuildPhase section */

/* Begin PBXGroup section */
		0C5D53864671A58D1885A352 /* Container */ = {
			isa = PBXGroup;
			children = (
				127EDD8500DAFDCB05F5BB42 /* ContainerObjectScope.swift */,
				BBCE597BE5FABA4B66297BD8 /* DIContainer.swift */,
				6AF4DA1C9A27DAEE84A4DC47 /* RegistrationConfigurator.swift */,
			);
			path = Container;
			sourceTree = "<group>";
		};
		4102E3E068508DD683953C7D = {
			isa = PBXGroup;
			children = (
				52611B11A5E6A7198C4E57A3 /* Project */,
				E9C3DB3EC6D7655028A9C0D3 /* Products */,
			);
			sourceTree = "<group>";
		};
		47D7288BBB4A7E1C6F6C388C /* Assemblies */ = {
			isa = PBXGroup;
			children = (
				D4616A3E65FB5E79E5AC2B1B /* DataAssembly.swift */,
				C61881E0F558F88CA6973E37 /* DataSourcesAssembly.swift */,
				927660837356AC29D475A875 /* DomainAssembly.swift */,
				84DFB050ABDFE68375A5542F /* NetworkingAssembly.swift */,
			);
			path = Assemblies;
			sourceTree = "<group>";
		};
		52611B11A5E6A7198C4E57A3 /* Project */ = {
			isa = PBXGroup;
			children = (
				B3BCDE38B26B330C9A04FADE /* Derived */,
				858C4E433DBF0294DFED1B0C /* Sources */,
			);
			name = Project;
			sourceTree = "<group>";
		};
		66EB57D721CBB7D427955C21 /* InfoPlists */ = {
			isa = PBXGroup;
			children = (
				01E1AA015F9EE84780DE15E5 /* App-Info.plist */,
			);
			path = InfoPlists;
			sourceTree = "<group>";
		};
		72601C73A947F91A66161A4E /* Resources */ = {
			isa = PBXGroup;
			children = (
				7AD06ACE1485B629CE2916CA /* LaunchScreen.storyboard */,
				BAEFDC227CF85A7BB7E172BA /* App.xcassets */,
			);
			path = Resources;
			sourceTree = "<group>";
		};
		80DAC9F2F71B4108BA3182F1 /* Configurator */ = {
			isa = PBXGroup;
			children = (
				0D521E165C1717AF31A03663 /* DIConfigurator.swift */,
			);
			path = Configurator;
			sourceTree = "<group>";
		};
		858C4E433DBF0294DFED1B0C /* Sources */ = {
			isa = PBXGroup;
			children = (
				8CEE51485469E248E272C765 /* App */,
				E7BF953E865040847C6A1924 /* DI */,
				BE2DC430A58B12F8B37CA27C /* Extensions */,
				72601C73A947F91A66161A4E /* Resources */,
			);
			path = Sources;
			sourceTree = "<group>";
		};
		8919B428B639C6AF4BBFE002 /* Sources */ = {
			isa = PBXGroup;
			children = (
				95D529DAAF6A9D59C44D9D68 /* TuistAssets+App.swift */,
				083CD4D343ECF7F321C1905D /* TuistBundle+App.swift */,
			);
			path = Sources;
			sourceTree = "<group>";
		};
		8CEE51485469E248E272C765 /* App */ = {
			isa = PBXGroup;
			children = (
				D436BABD6664658D14839E8F /* AppDelegate.swift */,
			);
			path = App;
			sourceTree = "<group>";
		};
		91AAB375884A056C954EAD9D /* Interfaces */ = {
			isa = PBXGroup;
			children = (
				3D5042E4C02BBF5CBEEA425F /* Registration.swift */,
			);
			path = Interfaces;
			sourceTree = "<group>";
		};
		B3BCDE38B26B330C9A04FADE /* Derived */ = {
			isa = PBXGroup;
			children = (
				66EB57D721CBB7D427955C21 /* InfoPlists */,
				8919B428B639C6AF4BBFE002 /* Sources */,
			);
			path = Derived;
			sourceTree = "<group>";
		};
		BE2DC430A58B12F8B37CA27C /* Extensions */ = {
			isa = PBXGroup;
			children = (
				37C955EFD8C7411C6358947A /* Optional.swift */,
			);
			path = Extensions;
			sourceTree = "<group>";
		};
		E7BF953E865040847C6A1924 /* DI */ = {
			isa = PBXGroup;
			children = (
				47D7288BBB4A7E1C6F6C388C /* Assemblies */,
				80DAC9F2F71B4108BA3182F1 /* Configurator */,
				0C5D53864671A58D1885A352 /* Container */,
				91AAB375884A056C954EAD9D /* Interfaces */,
			);
			path = DI;
			sourceTree = "<group>";
		};
		E9C3DB3EC6D7655028A9C0D3 /* Products */ = {
			isa = PBXGroup;
			children = (
				571E08A9083FD4334E4B7D06 /* App.app */,
				8AF7E105F5FEC83A7A47F2E7 /* Data.framework */,
				B21014905AE0D4D1CD25EA67 /* DataSources.framework */,
				6BEB75E9463ACE494A73BD36 /* Domain.framework */,
				04549A661944E62053C22EBC /* Networking.framework */,
				537ED5DBF00B5D2B5A03A60B /* Presentation.framework */,
			);
			name = Products;
			sourceTree = "<group>";
		};
/* End PBXGroup section */

/* Begin PBXNativeTarget section */
		93E9E330FC2CE7458D9C925F /* App */ = {
			isa = PBXNativeTarget;
			buildConfigurationList = FFC1863BD4026D2C17CBE82B /* Build configuration list for PBXNativeTarget "App" */;
			buildPhases = (
				7516D9F57B5663174C23E0A5 /* SwiftLint */,
				B77F0AF073564580D75A2CF1 /* Sources */,
				37BFF6A8CB5CC7FA21AD3FA3 /* Resources */,
				BC0DC3536DED64E0E8C9923E /* Frameworks */,
				8EFDE6013C818852098745E7 /* Embed Frameworks */,
			);
			buildRules = (
			);
			dependencies = (
			);
			name = App;
			packageProductDependencies = (
				24E270D5DE3BE92C76F672B0 /* MyCommon */,
			);
			productName = App;
			productReference = 571E08A9083FD4334E4B7D06 /* App.app */;
			productType = "com.apple.product-type.application";
		};
/* End PBXNativeTarget section */

/* Begin PBXProject section */
		6B590BF25178DC7D824D09CE /* Project object */ = {
			isa = PBXProject;
			attributes = {
				BuildIndependentTargetsInParallel = YES;
				ORGANIZATIONNAME = "Vadim Martynenko";
			};
			buildConfigurationList = B3FD05C59F197F398A0B04AB /* Build configuration list for PBXProject "App" */;
			compatibilityVersion = "Xcode 14.0";
			developmentRegion = en;
			hasScannedForEncodings = 0;
			knownRegions = (
				Base,
				en,
			);
			mainGroup = 4102E3E068508DD683953C7D;
			packageReferences = (
				6B1B7D10A703ECC49146E4F4 /* XCRemoteSwiftPackageReference "MyCommon" */,
			);
			productRefGroup = E9C3DB3EC6D7655028A9C0D3 /* Products */;
			projectDirPath = "";
			projectRoot = "";
			targets = (
				93E9E330FC2CE7458D9C925F /* App */,
			);
		};
/* End PBXProject section */

/* Begin PBXResourcesBuildPhase section */
		37BFF6A8CB5CC7FA21AD3FA3 /* Resources */ = {
			isa = PBXResourcesBuildPhase;
			buildActionMask = 2147483647;
			files = (
				92D28AB632880B9408B3AF89 /* App.xcassets in Resources */,
				DD04BCB6860CC9CA80A1B5F7 /* LaunchScreen.storyboard in Resources */,
			);
			runOnlyForDeploymentPostprocessing = 0;
		};
/* End PBXResourcesBuildPhase section */

/* Begin PBXShellScriptBuildPhase section */
		7516D9F57B5663174C23E0A5 /* SwiftLint */ = {
			isa = PBXShellScriptBuildPhase;
			alwaysOutOfDate = 1;
			buildActionMask = 2147483647;
			files = (
			);
			inputFileListPaths = (
			);
			inputPaths = (
			);
			name = SwiftLint;
			outputFileListPaths = (
			);
			outputPaths = (
			);
			runOnlyForDeploymentPostprocessing = 0;
			shellPath = /bin/sh;
			shellScript = "\"$SRCROOT\"/../../Scripts/swiftlint.sh ";
		};
/* End PBXShellScriptBuildPhase section */

/* Begin PBXSourcesBuildPhase section */
		B77F0AF073564580D75A2CF1 /* Sources */ = {
			isa = PBXSourcesBuildPhase;
			buildActionMask = 2147483647;
			files = (
				2E743A6F76CCB6064D781210 /* TuistAssets+App.swift in Sources */,
				FE078F42728C23B77EE02A1B /* TuistBundle+App.swift in Sources */,
				3035D0058E506FE1B260F52C /* AppDelegate.swift in Sources */,
				90792F720CFE538E401D4D87 /* DataAssembly.swift in Sources */,
				79CB864600861C7A74832D9D /* DataSourcesAssembly.swift in Sources */,
				BEFE5226BBBBB9CEBDFCE7FD /* DomainAssembly.swift in Sources */,
				2E0EEC895733E1765D71E458 /* NetworkingAssembly.swift in Sources */,
				B32F31ED18F14132B266A153 /* DIConfigurator.swift in Sources */,
				1DEE98BA8FD7189A75A03380 /* ContainerObjectScope.swift in Sources */,
				C601ADA52223DEBE70B8E120 /* DIContainer.swift in Sources */,
				DB7E1890C7D6E071BB2134C3 /* RegistrationConfigurator.swift in Sources */,
				F3BFECF4647D30B252DE6E67 /* Registration.swift in Sources */,
				52D5468B5CE116E81F36453D /* Optional.swift in Sources */,
			);
			runOnlyForDeploymentPostprocessing = 0;
		};
/* End PBXSourcesBuildPhase section */

/* Begin PBXVariantGroup section */
		7AD06ACE1485B629CE2916CA /* LaunchScreen.storyboard */ = {
			isa = PBXVariantGroup;
			children = (
				238736B4F728E7FDB542E37F /* Base */,
			);
			name = LaunchScreen.storyboard;
			sourceTree = "<group>";
		};
/* End PBXVariantGroup section */

/* Begin XCBuildConfiguration section */
		4A0C935808978B5A7673E412 /* Debug */ = {
			isa = XCBuildConfiguration;
			buildSettings = {
				ASSETCATALOG_COMPILER_APPICON_NAME = AppIcon;
				CODE_SIGN_IDENTITY = "iPhone Developer";
				ENABLE_PREVIEWS = YES;
				INFOPLIST_FILE = "Derived/InfoPlists/App-Info.plist";
				IPHONEOS_DEPLOYMENT_TARGET = 15.0;
				LD_RUNPATH_SEARCH_PATHS = (
					"$(inherited)",
					"@executable_path/Frameworks",
				);
				PRODUCT_BUNDLE_IDENTIFIER = com.martynenko.vadimApp;
				PRODUCT_NAME = App;
				SDKROOT = iphoneos;
				SUPPORTS_MACCATALYST = NO;
				SUPPORTS_MAC_DESIGNED_FOR_IPHONE_IPAD = YES;
				SUPPORTS_XR_DESIGNED_FOR_IPHONE_IPAD = NO;
				SWIFT_ACTIVE_COMPILATION_CONDITIONS = (
					"$(inherited)",
					DEBUG,
				);
				SWIFT_COMPILATION_MODE = singlefile;
				SWIFT_OPTIMIZATION_LEVEL = "-Onone";
				SWIFT_VERSION = 5.0;
				TARGETED_DEVICE_FAMILY = "1,2";
			};
			name = Debug;
		};
		5C9EF0E6AF4F9491454DE177 /* Release */ = {
			isa = XCBuildConfiguration;
			buildSettings = {
				ALWAYS_SEARCH_USER_PATHS = NO;
				CLANG_ANALYZER_LOCALIZABILITY_NONLOCALIZED = YES;
				CLANG_ANALYZER_NONNULL = YES;
				CLANG_ANALYZER_NUMBER_OBJECT_CONVERSION = YES_AGGRESSIVE;
				CLANG_CXX_LANGUAGE_STANDARD = "gnu++14";
				CLANG_CXX_LIBRARY = "libc++";
				CLANG_ENABLE_MODULES = YES;
				CLANG_ENABLE_OBJC_ARC = YES;
				CLANG_ENABLE_OBJC_WEAK = YES;
				CLANG_WARN_BLOCK_CAPTURE_AUTORELEASING = YES;
				CLANG_WARN_BOOL_CONVERSION = YES;
				CLANG_WARN_COMMA = YES;
				CLANG_WARN_CONSTANT_CONVERSION = YES;
				CLANG_WARN_DEPRECATED_OBJC_IMPLEMENTATIONS = YES;
				CLANG_WARN_DIRECT_OBJC_ISA_USAGE = YES_ERROR;
				CLANG_WARN_DOCUMENTATION_COMMENTS = YES;
				CLANG_WARN_EMPTY_BODY = YES;
				CLANG_WARN_ENUM_CONVERSION = YES;
				CLANG_WARN_INFINITE_RECURSION = YES;
				CLANG_WARN_INT_CONVERSION = YES;
				CLANG_WARN_NON_LITERAL_NULL_CONVERSION = YES;
				CLANG_WARN_OBJC_IMPLICIT_RETAIN_SELF = YES;
				CLANG_WARN_OBJC_LITERAL_CONVERSION = YES;
				CLANG_WARN_OBJC_ROOT_CLASS = YES_ERROR;
				CLANG_WARN_QUOTED_INCLUDE_IN_FRAMEWORK_HEADER = YES;
				CLANG_WARN_RANGE_LOOP_ANALYSIS = YES;
				CLANG_WARN_STRICT_PROTOTYPES = YES;
				CLANG_WARN_SUSPICIOUS_MOVE = YES;
				CLANG_WARN_UNGUARDED_AVAILABILITY = YES_AGGRESSIVE;
				CLANG_WARN_UNREACHABLE_CODE = YES;
				CLANG_WARN__DUPLICATE_METHOD_MATCH = YES;
				COPY_PHASE_STRIP = NO;
				DEAD_CODE_STRIPPING = YES;
				DEBUG_INFORMATION_FORMAT = "dwarf-with-dsym";
				ENABLE_NS_ASSERTIONS = NO;
				ENABLE_STRICT_OBJC_MSGSEND = YES;
				GCC_C_LANGUAGE_STANDARD = gnu11;
				GCC_NO_COMMON_BLOCKS = YES;
				GCC_WARN_64_TO_32_BIT_CONVERSION = YES;
				GCC_WARN_ABOUT_RETURN_TYPE = YES_ERROR;
				GCC_WARN_UNDECLARED_SELECTOR = YES;
				GCC_WARN_UNINITIALIZED_AUTOS = YES_AGGRESSIVE;
				GCC_WARN_UNUSED_FUNCTION = YES;
				GCC_WARN_UNUSED_VARIABLE = YES;
				MTL_ENABLE_DEBUG_INFO = NO;
				PRODUCT_NAME = "$(TARGET_NAME)";
				VALIDATE_PRODUCT = YES;
			};
			name = Release;
		};
		EB1CC3A930E09FEBECF9195D /* Release */ = {
			isa = XCBuildConfiguration;
			buildSettings = {
				ASSETCATALOG_COMPILER_APPICON_NAME = AppIcon;
				CODE_SIGN_IDENTITY = "iPhone Developer";
				ENABLE_PREVIEWS = YES;
				INFOPLIST_FILE = "Derived/InfoPlists/App-Info.plist";
				IPHONEOS_DEPLOYMENT_TARGET = 15.0;
				LD_RUNPATH_SEARCH_PATHS = (
					"$(inherited)",
					"@executable_path/Frameworks",
				);
				PRODUCT_BUNDLE_IDENTIFIER = com.martynenko.vadimApp;
				PRODUCT_NAME = App;
				SDKROOT = iphoneos;
				SUPPORTS_MACCATALYST = NO;
				SUPPORTS_MAC_DESIGNED_FOR_IPHONE_IPAD = YES;
				SUPPORTS_XR_DESIGNED_FOR_IPHONE_IPAD = NO;
				SWIFT_COMPILATION_MODE = wholemodule;
				SWIFT_OPTIMIZATION_LEVEL = "-Owholemodule";
				SWIFT_VERSION = 5.0;
				TARGETED_DEVICE_FAMILY = "1,2";
			};
			name = Release;
		};
		F61063B78755D98B1B9C3697 /* Debug */ = {
			isa = XCBuildConfiguration;
			buildSettings = {
				ALWAYS_SEARCH_USER_PATHS = NO;
				CLANG_ANALYZER_LOCALIZABILITY_NONLOCALIZED = YES;
				CLANG_ANALYZER_NONNULL = YES;
				CLANG_ANALYZER_NUMBER_OBJECT_CONVERSION = YES_AGGRESSIVE;
				CLANG_CXX_LANGUAGE_STANDARD = "gnu++14";
				CLANG_CXX_LIBRARY = "libc++";
				CLANG_ENABLE_MODULES = YES;
				CLANG_ENABLE_OBJC_ARC = YES;
				CLANG_ENABLE_OBJC_WEAK = YES;
				CLANG_WARN_BLOCK_CAPTURE_AUTORELEASING = YES;
				CLANG_WARN_BOOL_CONVERSION = YES;
				CLANG_WARN_COMMA = YES;
				CLANG_WARN_CONSTANT_CONVERSION = YES;
				CLANG_WARN_DEPRECATED_OBJC_IMPLEMENTATIONS = YES;
				CLANG_WARN_DIRECT_OBJC_ISA_USAGE = YES_ERROR;
				CLANG_WARN_DOCUMENTATION_COMMENTS = YES;
				CLANG_WARN_EMPTY_BODY = YES;
				CLANG_WARN_ENUM_CONVERSION = YES;
				CLANG_WARN_INFINITE_RECURSION = YES;
				CLANG_WARN_INT_CONVERSION = YES;
				CLANG_WARN_NON_LITERAL_NULL_CONVERSION = YES;
				CLANG_WARN_OBJC_IMPLICIT_RETAIN_SELF = YES;
				CLANG_WARN_OBJC_LITERAL_CONVERSION = YES;
				CLANG_WARN_OBJC_ROOT_CLASS = YES_ERROR;
				CLANG_WARN_QUOTED_INCLUDE_IN_FRAMEWORK_HEADER = YES;
				CLANG_WARN_RANGE_LOOP_ANALYSIS = YES;
				CLANG_WARN_STRICT_PROTOTYPES = YES;
				CLANG_WARN_SUSPICIOUS_MOVE = YES;
				CLANG_WARN_UNGUARDED_AVAILABILITY = YES_AGGRESSIVE;
				CLANG_WARN_UNREACHABLE_CODE = YES;
				CLANG_WARN__DUPLICATE_METHOD_MATCH = YES;
				COPY_PHASE_STRIP = NO;
				DEAD_CODE_STRIPPING = YES;
				DEBUG_INFORMATION_FORMAT = dwarf;
				ENABLE_STRICT_OBJC_MSGSEND = YES;
				ENABLE_TESTABILITY = YES;
				GCC_C_LANGUAGE_STANDARD = gnu11;
				GCC_DYNAMIC_NO_PIC = NO;
				GCC_NO_COMMON_BLOCKS = YES;
				GCC_OPTIMIZATION_LEVEL = 0;
				GCC_PREPROCESSOR_DEFINITIONS = (
					"DEBUG=1",
					"$(inherited)",
				);
				GCC_WARN_64_TO_32_BIT_CONVERSION = YES;
				GCC_WARN_ABOUT_RETURN_TYPE = YES_ERROR;
				GCC_WARN_UNDECLARED_SELECTOR = YES;
				GCC_WARN_UNINITIALIZED_AUTOS = YES_AGGRESSIVE;
				GCC_WARN_UNUSED_FUNCTION = YES;
				GCC_WARN_UNUSED_VARIABLE = YES;
				MTL_ENABLE_DEBUG_INFO = YES;
				ONLY_ACTIVE_ARCH = YES;
				PRODUCT_NAME = "$(TARGET_NAME)";
			};
			name = Debug;
		};
/* End XCBuildConfiguration section */

/* Begin XCConfigurationList section */
		B3FD05C59F197F398A0B04AB /* Build configuration list for PBXProject "App" */ = {
			isa = XCConfigurationList;
			buildConfigurations = (
				F61063B78755D98B1B9C3697 /* Debug */,
				5C9EF0E6AF4F9491454DE177 /* Release */,
			);
			defaultConfigurationIsVisible = 0;
			defaultConfigurationName = Release;
		};
		FFC1863BD4026D2C17CBE82B /* Build configuration list for PBXNativeTarget "App" */ = {
			isa = XCConfigurationList;
			buildConfigurations = (
				4A0C935808978B5A7673E412 /* Debug */,
				EB1CC3A930E09FEBECF9195D /* Release */,
			);
			defaultConfigurationIsVisible = 0;
			defaultConfigurationName = Release;
		};
/* End XCConfigurationList section */

/* Begin XCRemoteSwiftPackageReference section */
		6B1B7D10A703ECC49146E4F4 /* XCRemoteSwiftPackageReference "MyCommon" */ = {
			isa = XCRemoteSwiftPackageReference;
			repositoryURL = "https://github.com/VadimBaby/MyCommon.git";
			requirement = {
				kind = upToNextMajorVersion;
				minimumVersion = 1.0.1;
			};
		};
/* End XCRemoteSwiftPackageReference section */

/* Begin XCSwiftPackageProductDependency section */
		24E270D5DE3BE92C76F672B0 /* MyCommon */ = {
			isa = XCSwiftPackageProductDependency;
			productName = MyCommon;
		};
/* End XCSwiftPackageProductDependency section */
	};
	rootObject = 6B590BF25178DC7D824D09CE /* Project object */;
}
