// !$*UTF8*$!
{
	archiveVersion = 1;
	classes = {
	};
	objectVersion = 55;
	objects = {

/* Begin PBXBuildFile section */
		081988EACD8536887A13C9C5 /* Networking.framework in Embed Frameworks */ = {isa = PBXBuildFile; fileRef = C88947DF9225FC93436A64F4 /* Networking.framework */; settings = {ATTRIBUTES = (CodeSignOnCopy, RemoveHeadersOnCopy, ); }; };
		0A2D7583A0DAC77FCA95F1C7 /* App.xcassets in Resources */ = {isa = PBXBuildFile; fileRef = 8E45CC56DA8F9637B4C37611 /* App.xcassets */; };
		1B0DC1CE16C66D74962402AA /* Data.framework in Frameworks */ = {isa = PBXBuildFile; fileRef = ABB2246D7F1BF2CB2C6D1CAF /* Data.framework */; };
		1F1EFC51259CE2CCA10B337C /* DataAssembly.swift in Sources */ = {isa = PBXBuildFile; fileRef = 74752CB1047B40CD4DD5AA22 /* DataAssembly.swift */; };
		2738D8873F92FA679D896D80 /* MyCommon in Frameworks */ = {isa = PBXBuildFile; productRef = 1AD991604FE3E0CDA55D61B6 /* MyCommon */; };
		366A76B5DBA1B993B310B1CC /* LaunchScreen.storyboard in Resources */ = {isa = PBXBuildFile; fileRef = 6994378A64BDC788645FB470 /* LaunchScreen.storyboard */; };
		48534C135FCCC9C5ADD9340A /* DataSources.framework in Frameworks */ = {isa = PBXBuildFile; fileRef = E9FF05CEAC3D288C21D2BD00 /* DataSources.framework */; };
		4CD645AE6949645A59A6035A /* DataSourcesAssembly.swift in Sources */ = {isa = PBXBuildFile; fileRef = 475EA1ACAFE981882AA8F675 /* DataSourcesAssembly.swift */; };
		58C3A86632CC40E8CCF393EB /* Networking.framework in Frameworks */ = {isa = PBXBuildFile; fileRef = C88947DF9225FC93436A64F4 /* Networking.framework */; };
		6315E4D0A2974E916D09E654 /* Optional.swift in Sources */ = {isa = PBXBuildFile; fileRef = 1E0B08D8E87D331FEB173F3B /* Optional.swift */; };
		6C6250BAEB567F1FFD098B5A /* DomainAssembly.swift in Sources */ = {isa = PBXBuildFile; fileRef = D403494C70879279A27C9392 /* DomainAssembly.swift */; };
		7BECFAB1D8AA211AD162B9CF /* AppDelegate.swift in Sources */ = {isa = PBXBuildFile; fileRef = 3B16715FBB4A08B46343C2B8 /* AppDelegate.swift */; };
		7E8071B87709950E1F2023A3 /* Registration.swift in Sources */ = {isa = PBXBuildFile; fileRef = B58DA632982AB6194C0ECE8C /* Registration.swift */; };
		7F2C0C4A076561676B0E1240 /* RegistrationConfigurator.swift in Sources */ = {isa = PBXBuildFile; fileRef = 1B6CFF087CF7B175059489B6 /* RegistrationConfigurator.swift */; };
		84EA7B31720E32D833AA86F0 /* ContainerObjectScope.swift in Sources */ = {isa = PBXBuildFile; fileRef = DE87AC68DC5FED4647953F21 /* ContainerObjectScope.swift */; };
		A9FDCD2C6F5B6D96079D4302 /* Domain.framework in Frameworks */ = {isa = PBXBuildFile; fileRef = F69FECCFC7049E9CB5D841D1 /* Domain.framework */; };
		B0E67A6A586132B5FABB796B /* Presentation.framework in Embed Frameworks */ = {isa = PBXBuildFile; fileRef = F2E6526951FF19F03302895C /* Presentation.framework */; settings = {ATTRIBUTES = (CodeSignOnCopy, RemoveHeadersOnCopy, ); }; };
		B90B506BFF677A46C85BE13D /* TuistBundle+ShiftTest.swift in Sources */ = {isa = PBXBuildFile; fileRef = 178A0AACDF654F422EB8FB0A /* TuistBundle+ShiftTest.swift */; };
		BC5D650B7806723A1925AFD7 /* DIConfigurator.swift in Sources */ = {isa = PBXBuildFile; fileRef = 0CE9F2301613C2C7D0C36C85 /* DIConfigurator.swift */; };
		D976F303468B57EF84A1D5A0 /* TuistAssets+ShiftTest.swift in Sources */ = {isa = PBXBuildFile; fileRef = 1DE5E669E05A609DA4F86F93 /* TuistAssets+ShiftTest.swift */; };
		DC3C607398E6DA2CD86F638E /* DataSources.framework in Embed Frameworks */ = {isa = PBXBuildFile; fileRef = E9FF05CEAC3D288C21D2BD00 /* DataSources.framework */; settings = {ATTRIBUTES = (CodeSignOnCopy, RemoveHeadersOnCopy, ); }; };
		E2DCF8256193CAEE5CFB2E4E /* Presentation.framework in Frameworks */ = {isa = PBXBuildFile; fileRef = F2E6526951FF19F03302895C /* Presentation.framework */; };
		E324C4B28FB8C7B996FF61F4 /* Domain.framework in Embed Frameworks */ = {isa = PBXBuildFile; fileRef = F69FECCFC7049E9CB5D841D1 /* Domain.framework */; settings = {ATTRIBUTES = (CodeSignOnCopy, RemoveHeadersOnCopy, ); }; };
		E3507A147DEE327D44EB819C /* DIContainer.swift in Sources */ = {isa = PBXBuildFile; fileRef = 3F9A000B4A758E9DD1D5DEB7 /* DIContainer.swift */; };
		E7886A297A076456FFC6C6A0 /* Data.framework in Embed Frameworks */ = {isa = PBXBuildFile; fileRef = ABB2246D7F1BF2CB2C6D1CAF /* Data.framework */; settings = {ATTRIBUTES = (CodeSignOnCopy, RemoveHeadersOnCopy, ); }; };
		F12788D7AA9EAA0E473EE766 /* NetworkingAssembly.swift in Sources */ = {isa = PBXBuildFile; fileRef = 8157EBC8067AA2082689389D /* NetworkingAssembly.swift */; };
/* End PBXBuildFile section */

/* Begin PBXCopyFilesBuildPhase section */
		954036879790239238350B07 /* Embed Frameworks */ = {
			isa = PBXCopyFilesBuildPhase;
			buildActionMask = 2147483647;
			dstPath = "";
			dstSubfolderSpec = 10;
			files = (
				E7886A297A076456FFC6C6A0 /* Data.framework in Embed Frameworks */,
				DC3C607398E6DA2CD86F638E /* DataSources.framework in Embed Frameworks */,
				E324C4B28FB8C7B996FF61F4 /* Domain.framework in Embed Frameworks */,
				081988EACD8536887A13C9C5 /* Networking.framework in Embed Frameworks */,
				B0E67A6A586132B5FABB796B /* Presentation.framework in Embed Frameworks */,
			);
			name = "Embed Frameworks";
			runOnlyForDeploymentPostprocessing = 0;
		};
/* End PBXCopyFilesBuildPhase section */

/* Begin PBXFileReference section */
		0CE9F2301613C2C7D0C36C85 /* DIConfigurator.swift */ = {isa = PBXFileReference; lastKnownFileType = sourcecode.swift; path = DIConfigurator.swift; sourceTree = "<group>"; };
		178A0AACDF654F422EB8FB0A /* TuistBundle+ShiftTest.swift */ = {isa = PBXFileReference; lastKnownFileType = sourcecode.swift; path = "TuistBundle+ShiftTest.swift"; sourceTree = "<group>"; };
		1B6CFF087CF7B175059489B6 /* RegistrationConfigurator.swift */ = {isa = PBXFileReference; lastKnownFileType = sourcecode.swift; path = RegistrationConfigurator.swift; sourceTree = "<group>"; };
		1DE5E669E05A609DA4F86F93 /* TuistAssets+ShiftTest.swift */ = {isa = PBXFileReference; lastKnownFileType = sourcecode.swift; path = "TuistAssets+ShiftTest.swift"; sourceTree = "<group>"; };
		1E0B08D8E87D331FEB173F3B /* Optional.swift */ = {isa = PBXFileReference; lastKnownFileType = sourcecode.swift; path = Optional.swift; sourceTree = "<group>"; };
		3B16715FBB4A08B46343C2B8 /* AppDelegate.swift */ = {isa = PBXFileReference; lastKnownFileType = sourcecode.swift; path = AppDelegate.swift; sourceTree = "<group>"; };
		3F9A000B4A758E9DD1D5DEB7 /* DIContainer.swift */ = {isa = PBXFileReference; lastKnownFileType = sourcecode.swift; path = DIContainer.swift; sourceTree = "<group>"; };
		475EA1ACAFE981882AA8F675 /* DataSourcesAssembly.swift */ = {isa = PBXFileReference; lastKnownFileType = sourcecode.swift; path = DataSourcesAssembly.swift; sourceTree = "<group>"; };
		539E6194E163D5ADF3877DD4 /* Base */ = {isa = PBXFileReference; lastKnownFileType = file.storyboard; name = Base; path = Base.lproj/LaunchScreen.storyboard; sourceTree = "<group>"; };
		74752CB1047B40CD4DD5AA22 /* DataAssembly.swift */ = {isa = PBXFileReference; lastKnownFileType = sourcecode.swift; path = DataAssembly.swift; sourceTree = "<group>"; };
		8157EBC8067AA2082689389D /* NetworkingAssembly.swift */ = {isa = PBXFileReference; lastKnownFileType = sourcecode.swift; path = NetworkingAssembly.swift; sourceTree = "<group>"; };
		85DCD85B0F61EA5DE6DF1C4A /* ShiftTest.app */ = {isa = PBXFileReference; explicitFileType = wrapper.application; includeInIndex = 0; path = ShiftTest.app; sourceTree = BUILT_PRODUCTS_DIR; };
		8E45CC56DA8F9637B4C37611 /* App.xcassets */ = {isa = PBXFileReference; lastKnownFileType = folder.assetcatalog; path = App.xcassets; sourceTree = "<group>"; };
		ABB2246D7F1BF2CB2C6D1CAF /* Data.framework */ = {isa = PBXFileReference; explicitFileType = wrapper.framework; includeInIndex = 0; path = Data.framework; sourceTree = BUILT_PRODUCTS_DIR; };
		B58DA632982AB6194C0ECE8C /* Registration.swift */ = {isa = PBXFileReference; lastKnownFileType = sourcecode.swift; path = Registration.swift; sourceTree = "<group>"; };
		C88947DF9225FC93436A64F4 /* Networking.framework */ = {isa = PBXFileReference; explicitFileType = wrapper.framework; includeInIndex = 0; path = Networking.framework; sourceTree = BUILT_PRODUCTS_DIR; };
		C9177090B331E9CFC92573C3 /* ShiftTest-Info.plist */ = {isa = PBXFileReference; lastKnownFileType = text.plist; path = "ShiftTest-Info.plist"; sourceTree = "<group>"; };
		D403494C70879279A27C9392 /* DomainAssembly.swift */ = {isa = PBXFileReference; lastKnownFileType = sourcecode.swift; path = DomainAssembly.swift; sourceTree = "<group>"; };
		DE87AC68DC5FED4647953F21 /* ContainerObjectScope.swift */ = {isa = PBXFileReference; lastKnownFileType = sourcecode.swift; path = ContainerObjectScope.swift; sourceTree = "<group>"; };
		E9FF05CEAC3D288C21D2BD00 /* DataSources.framework */ = {isa = PBXFileReference; explicitFileType = wrapper.framework; includeInIndex = 0; path = DataSources.framework; sourceTree = BUILT_PRODUCTS_DIR; };
		F2E6526951FF19F03302895C /* Presentation.framework */ = {isa = PBXFileReference; explicitFileType = wrapper.framework; includeInIndex = 0; path = Presentation.framework; sourceTree = BUILT_PRODUCTS_DIR; };
		F69FECCFC7049E9CB5D841D1 /* Domain.framework */ = {isa = PBXFileReference; explicitFileType = wrapper.framework; includeInIndex = 0; path = Domain.framework; sourceTree = BUILT_PRODUCTS_DIR; };
/* End PBXFileReference section */

/* Begin PBXFrameworksBuildPhase section */
		810039A61D4D4B85C0AFAF40 /* Frameworks */ = {
			isa = PBXFrameworksBuildPhase;
			buildActionMask = 2147483647;
			files = (
				1B0DC1CE16C66D74962402AA /* Data.framework in Frameworks */,
				48534C135FCCC9C5ADD9340A /* DataSources.framework in Frameworks */,
				A9FDCD2C6F5B6D96079D4302 /* Domain.framework in Frameworks */,
				58C3A86632CC40E8CCF393EB /* Networking.framework in Frameworks */,
				E2DCF8256193CAEE5CFB2E4E /* Presentation.framework in Frameworks */,
				2738D8873F92FA679D896D80 /* MyCommon in Frameworks */,
			);
			runOnlyForDeploymentPostprocessing = 0;
		};
/* End PBXFrameworksBuildPhase section */

/* Begin PBXGroup section */
		17A506148A9FF0F179D1246F /* Sources */ = {
			isa = PBXGroup;
			children = (
				1DEFC2FC3E6A5E6C41DC98BB /* App */,
				41DBDCC10C6100A2D4B70B60 /* DI */,
				B9CBEA589558731F5398753D /* Extensions */,
				1C9D53C8020628941DF233C8 /* Resources */,
			);
			path = Sources;
			sourceTree = "<group>";
		};
		1C9D53C8020628941DF233C8 /* Resources */ = {
			isa = PBXGroup;
			children = (
				6994378A64BDC788645FB470 /* LaunchScreen.storyboard */,
				8E45CC56DA8F9637B4C37611 /* App.xcassets */,
			);
			path = Resources;
			sourceTree = "<group>";
		};
		1D1A78DCFDD5795E521101CA /* Interfaces */ = {
			isa = PBXGroup;
			children = (
				B58DA632982AB6194C0ECE8C /* Registration.swift */,
			);
			path = Interfaces;
			sourceTree = "<group>";
		};
		1DEFC2FC3E6A5E6C41DC98BB /* App */ = {
			isa = PBXGroup;
			children = (
				3B16715FBB4A08B46343C2B8 /* AppDelegate.swift */,
			);
			path = App;
			sourceTree = "<group>";
		};
		37CE63D743A547C9817BDC09 /* Sources */ = {
			isa = PBXGroup;
			children = (
				1DE5E669E05A609DA4F86F93 /* TuistAssets+ShiftTest.swift */,
				178A0AACDF654F422EB8FB0A /* TuistBundle+ShiftTest.swift */,
			);
			path = Sources;
			sourceTree = "<group>";
		};
		41DBDCC10C6100A2D4B70B60 /* DI */ = {
			isa = PBXGroup;
			children = (
				6B810B88B0B57FD405FF8250 /* Assemblies */,
				C9E01BAFDE41FE4285335D8B /* Configurator */,
				A2CF87E4F606DD5DD2A042AD /* Container */,
				1D1A78DCFDD5795E521101CA /* Interfaces */,
			);
			path = DI;
			sourceTree = "<group>";
		};
		6B805CF723A2BA5BDCC6BBD3 = {
			isa = PBXGroup;
			children = (
				E7E842170FB859FD3F95DB55 /* Project */,
				E0F1D355FBCA3FF3B051E2D0 /* Products */,
			);
			sourceTree = "<group>";
		};
		6B810B88B0B57FD405FF8250 /* Assemblies */ = {
			isa = PBXGroup;
			children = (
				74752CB1047B40CD4DD5AA22 /* DataAssembly.swift */,
				475EA1ACAFE981882AA8F675 /* DataSourcesAssembly.swift */,
				D403494C70879279A27C9392 /* DomainAssembly.swift */,
				8157EBC8067AA2082689389D /* NetworkingAssembly.swift */,
			);
			path = Assemblies;
			sourceTree = "<group>";
		};
		85D354AF6F1DE4EAA85F0DD9 /* Derived */ = {
			isa = PBXGroup;
			children = (
				A914E13F12B6D020222D9EF9 /* InfoPlists */,
				37CE63D743A547C9817BDC09 /* Sources */,
			);
			path = Derived;
			sourceTree = "<group>";
		};
		A2CF87E4F606DD5DD2A042AD /* Container */ = {
			isa = PBXGroup;
			children = (
				DE87AC68DC5FED4647953F21 /* ContainerObjectScope.swift */,
				3F9A000B4A758E9DD1D5DEB7 /* DIContainer.swift */,
				1B6CFF087CF7B175059489B6 /* RegistrationConfigurator.swift */,
			);
			path = Container;
			sourceTree = "<group>";
		};
		A914E13F12B6D020222D9EF9 /* InfoPlists */ = {
			isa = PBXGroup;
			children = (
				C9177090B331E9CFC92573C3 /* ShiftTest-Info.plist */,
			);
			path = InfoPlists;
			sourceTree = "<group>";
		};
		B9CBEA589558731F5398753D /* Extensions */ = {
			isa = PBXGroup;
			children = (
				1E0B08D8E87D331FEB173F3B /* Optional.swift */,
			);
			path = Extensions;
			sourceTree = "<group>";
		};
		C9E01BAFDE41FE4285335D8B /* Configurator */ = {
			isa = PBXGroup;
			children = (
				0CE9F2301613C2C7D0C36C85 /* DIConfigurator.swift */,
			);
			path = Configurator;
			sourceTree = "<group>";
		};
		E0F1D355FBCA3FF3B051E2D0 /* Products */ = {
			isa = PBXGroup;
			children = (
				ABB2246D7F1BF2CB2C6D1CAF /* Data.framework */,
				E9FF05CEAC3D288C21D2BD00 /* DataSources.framework */,
				F69FECCFC7049E9CB5D841D1 /* Domain.framework */,
				C88947DF9225FC93436A64F4 /* Networking.framework */,
				F2E6526951FF19F03302895C /* Presentation.framework */,
				85DCD85B0F61EA5DE6DF1C4A /* ShiftTest.app */,
			);
			name = Products;
			sourceTree = "<group>";
		};
		E7E842170FB859FD3F95DB55 /* Project */ = {
			isa = PBXGroup;
			children = (
				85D354AF6F1DE4EAA85F0DD9 /* Derived */,
				17A506148A9FF0F179D1246F /* Sources */,
			);
			name = Project;
			sourceTree = "<group>";
		};
/* End PBXGroup section */

/* Begin PBXNativeTarget section */
		EEED8AC9089F9E4B0FD1BE27 /* ShiftTest */ = {
			isa = PBXNativeTarget;
			buildConfigurationList = BE7FC802F2AF7C735E02557C /* Build configuration list for PBXNativeTarget "ShiftTest" */;
			buildPhases = (
				F543E59A60918D96459A01FC /* SwiftLint */,
				63C47765619E6DBB88B4772C /* Sources */,
				724093C645D29DD6E1014972 /* Resources */,
				810039A61D4D4B85C0AFAF40 /* Frameworks */,
				954036879790239238350B07 /* Embed Frameworks */,
			);
			buildRules = (
			);
			dependencies = (
			);
			name = ShiftTest;
			packageProductDependencies = (
				1AD991604FE3E0CDA55D61B6 /* MyCommon */,
			);
			productName = ShiftTest;
			productReference = 85DCD85B0F61EA5DE6DF1C4A /* ShiftTest.app */;
			productType = "com.apple.product-type.application";
		};
/* End PBXNativeTarget section */

/* Begin PBXProject section */
		93E42234F4A6033E71D9BCE8 /* Project object */ = {
			isa = PBXProject;
			attributes = {
				BuildIndependentTargetsInParallel = YES;
				ORGANIZATIONNAME = "Vadim Martynenko";
			};
			buildConfigurationList = D1AB97F81446122F8FDA947D /* Build configuration list for PBXProject "ShiftTest" */;
			compatibilityVersion = "Xcode 14.0";
			developmentRegion = en;
			hasScannedForEncodings = 0;
			knownRegions = (
				Base,
				en,
			);
			mainGroup = 6B805CF723A2BA5BDCC6BBD3;
			packageReferences = (
				D167169273CB4E103BB1A018 /* XCRemoteSwiftPackageReference "MyCommon" */,
			);
			productRefGroup = E0F1D355FBCA3FF3B051E2D0 /* Products */;
			projectDirPath = "";
			projectRoot = "";
			targets = (
				EEED8AC9089F9E4B0FD1BE27 /* ShiftTest */,
			);
		};
/* End PBXProject section */

/* Begin PBXResourcesBuildPhase section */
		724093C645D29DD6E1014972 /* Resources */ = {
			isa = PBXResourcesBuildPhase;
			buildActionMask = 2147483647;
			files = (
				0A2D7583A0DAC77FCA95F1C7 /* App.xcassets in Resources */,
				366A76B5DBA1B993B310B1CC /* LaunchScreen.storyboard in Resources */,
			);
			runOnlyForDeploymentPostprocessing = 0;
		};
/* End PBXResourcesBuildPhase section */

/* Begin PBXShellScriptBuildPhase section */
		F543E59A60918D96459A01FC /* SwiftLint */ = {
			isa = PBXShellScriptBuildPhase;
			alwaysOutOfDate = 1;
			buildActionMask = 2147483647;
			files = (
			);
			inputFileListPaths = (
			);
			inputPaths = (
			);
			name = SwiftLint;
			outputFileListPaths = (
			);
			outputPaths = (
			);
			runOnlyForDeploymentPostprocessing = 0;
			shellPath = /bin/sh;
			shellScript = "\"$SRCROOT\"/../../Scripts/swiftlint.sh ";
		};
/* End PBXShellScriptBuildPhase section */

/* Begin PBXSourcesBuildPhase section */
		63C47765619E6DBB88B4772C /* Sources */ = {
			isa = PBXSourcesBuildPhase;
			buildActionMask = 2147483647;
			files = (
				D976F303468B57EF84A1D5A0 /* TuistAssets+ShiftTest.swift in Sources */,
				B90B506BFF677A46C85BE13D /* TuistBundle+ShiftTest.swift in Sources */,
				7BECFAB1D8AA211AD162B9CF /* AppDelegate.swift in Sources */,
				1F1EFC51259CE2CCA10B337C /* DataAssembly.swift in Sources */,
				4CD645AE6949645A59A6035A /* DataSourcesAssembly.swift in Sources */,
				6C6250BAEB567F1FFD098B5A /* DomainAssembly.swift in Sources */,
				F12788D7AA9EAA0E473EE766 /* NetworkingAssembly.swift in Sources */,
				BC5D650B7806723A1925AFD7 /* DIConfigurator.swift in Sources */,
				84EA7B31720E32D833AA86F0 /* ContainerObjectScope.swift in Sources */,
				E3507A147DEE327D44EB819C /* DIContainer.swift in Sources */,
				7F2C0C4A076561676B0E1240 /* RegistrationConfigurator.swift in Sources */,
				7E8071B87709950E1F2023A3 /* Registration.swift in Sources */,
				6315E4D0A2974E916D09E654 /* Optional.swift in Sources */,
			);
			runOnlyForDeploymentPostprocessing = 0;
		};
/* End PBXSourcesBuildPhase section */

/* Begin PBXVariantGroup section */
		6994378A64BDC788645FB470 /* LaunchScreen.storyboard */ = {
			isa = PBXVariantGroup;
			children = (
				539E6194E163D5ADF3877DD4 /* Base */,
			);
			name = LaunchScreen.storyboard;
			sourceTree = "<group>";
		};
/* End PBXVariantGroup section */

/* Begin XCBuildConfiguration section */
		0F9D8835390384A11F536036 /* Debug */ = {
			isa = XCBuildConfiguration;
			buildSettings = {
				ALWAYS_SEARCH_USER_PATHS = NO;
				CLANG_ANALYZER_LOCALIZABILITY_NONLOCALIZED = YES;
				CLANG_ANALYZER_NONNULL = YES;
				CLANG_ANALYZER_NUMBER_OBJECT_CONVERSION = YES_AGGRESSIVE;
				CLANG_CXX_LANGUAGE_STANDARD = "gnu++14";
				CLANG_CXX_LIBRARY = "libc++";
				CLANG_ENABLE_MODULES = YES;
				CLANG_ENABLE_OBJC_ARC = YES;
				CLANG_ENABLE_OBJC_WEAK = YES;
				CLANG_WARN_BLOCK_CAPTURE_AUTORELEASING = YES;
				CLANG_WARN_BOOL_CONVERSION = YES;
				CLANG_WARN_COMMA = YES;
				CLANG_WARN_CONSTANT_CONVERSION = YES;
				CLANG_WARN_DEPRECATED_OBJC_IMPLEMENTATIONS = YES;
				CLANG_WARN_DIRECT_OBJC_ISA_USAGE = YES_ERROR;
				CLANG_WARN_DOCUMENTATION_COMMENTS = YES;
				CLANG_WARN_EMPTY_BODY = YES;
				CLANG_WARN_ENUM_CONVERSION = YES;
				CLANG_WARN_INFINITE_RECURSION = YES;
				CLANG_WARN_INT_CONVERSION = YES;
				CLANG_WARN_NON_LITERAL_NULL_CONVERSION = YES;
				CLANG_WARN_OBJC_IMPLICIT_RETAIN_SELF = YES;
				CLANG_WARN_OBJC_LITERAL_CONVERSION = YES;
				CLANG_WARN_OBJC_ROOT_CLASS = YES_ERROR;
				CLANG_WARN_QUOTED_INCLUDE_IN_FRAMEWORK_HEADER = YES;
				CLANG_WARN_RANGE_LOOP_ANALYSIS = YES;
				CLANG_WARN_STRICT_PROTOTYPES = YES;
				CLANG_WARN_SUSPICIOUS_MOVE = YES;
				CLANG_WARN_UNGUARDED_AVAILABILITY = YES_AGGRESSIVE;
				CLANG_WARN_UNREACHABLE_CODE = YES;
				CLANG_WARN__DUPLICATE_METHOD_MATCH = YES;
				COPY_PHASE_STRIP = NO;
				DEAD_CODE_STRIPPING = YES;
				DEBUG_INFORMATION_FORMAT = dwarf;
				ENABLE_STRICT_OBJC_MSGSEND = YES;
				ENABLE_TESTABILITY = YES;
				GCC_C_LANGUAGE_STANDARD = gnu11;
				GCC_DYNAMIC_NO_PIC = NO;
				GCC_NO_COMMON_BLOCKS = YES;
				GCC_OPTIMIZATION_LEVEL = 0;
				GCC_PREPROCESSOR_DEFINITIONS = (
					"DEBUG=1",
					"$(inherited)",
				);
				GCC_WARN_64_TO_32_BIT_CONVERSION = YES;
				GCC_WARN_ABOUT_RETURN_TYPE = YES_ERROR;
				GCC_WARN_UNDECLARED_SELECTOR = YES;
				GCC_WARN_UNINITIALIZED_AUTOS = YES_AGGRESSIVE;
				GCC_WARN_UNUSED_FUNCTION = YES;
				GCC_WARN_UNUSED_VARIABLE = YES;
				MTL_ENABLE_DEBUG_INFO = YES;
				ONLY_ACTIVE_ARCH = YES;
				PRODUCT_NAME = "$(TARGET_NAME)";
			};
			name = Debug;
		};
		2A809E018E04649F2246731E /* Release */ = {
			isa = XCBuildConfiguration;
			buildSettings = {
				ALWAYS_SEARCH_USER_PATHS = NO;
				CLANG_ANALYZER_LOCALIZABILITY_NONLOCALIZED = YES;
				CLANG_ANALYZER_NONNULL = YES;
				CLANG_ANALYZER_NUMBER_OBJECT_CONVERSION = YES_AGGRESSIVE;
				CLANG_CXX_LANGUAGE_STANDARD = "gnu++14";
				CLANG_CXX_LIBRARY = "libc++";
				CLANG_ENABLE_MODULES = YES;
				CLANG_ENABLE_OBJC_ARC = YES;
				CLANG_ENABLE_OBJC_WEAK = YES;
				CLANG_WARN_BLOCK_CAPTURE_AUTORELEASING = YES;
				CLANG_WARN_BOOL_CONVERSION = YES;
				CLANG_WARN_COMMA = YES;
				CLANG_WARN_CONSTANT_CONVERSION = YES;
				CLANG_WARN_DEPRECATED_OBJC_IMPLEMENTATIONS = YES;
				CLANG_WARN_DIRECT_OBJC_ISA_USAGE = YES_ERROR;
				CLANG_WARN_DOCUMENTATION_COMMENTS = YES;
				CLANG_WARN_EMPTY_BODY = YES;
				CLANG_WARN_ENUM_CONVERSION = YES;
				CLANG_WARN_INFINITE_RECURSION = YES;
				CLANG_WARN_INT_CONVERSION = YES;
				CLANG_WARN_NON_LITERAL_NULL_CONVERSION = YES;
				CLANG_WARN_OBJC_IMPLICIT_RETAIN_SELF = YES;
				CLANG_WARN_OBJC_LITERAL_CONVERSION = YES;
				CLANG_WARN_OBJC_ROOT_CLASS = YES_ERROR;
				CLANG_WARN_QUOTED_INCLUDE_IN_FRAMEWORK_HEADER = YES;
				CLANG_WARN_RANGE_LOOP_ANALYSIS = YES;
				CLANG_WARN_STRICT_PROTOTYPES = YES;
				CLANG_WARN_SUSPICIOUS_MOVE = YES;
				CLANG_WARN_UNGUARDED_AVAILABILITY = YES_AGGRESSIVE;
				CLANG_WARN_UNREACHABLE_CODE = YES;
				CLANG_WARN__DUPLICATE_METHOD_MATCH = YES;
				COPY_PHASE_STRIP = NO;
				DEAD_CODE_STRIPPING = YES;
				DEBUG_INFORMATION_FORMAT = "dwarf-with-dsym";
				ENABLE_NS_ASSERTIONS = NO;
				ENABLE_STRICT_OBJC_MSGSEND = YES;
				GCC_C_LANGUAGE_STANDARD = gnu11;
				GCC_NO_COMMON_BLOCKS = YES;
				GCC_WARN_64_TO_32_BIT_CONVERSION = YES;
				GCC_WARN_ABOUT_RETURN_TYPE = YES_ERROR;
				GCC_WARN_UNDECLARED_SELECTOR = YES;
				GCC_WARN_UNINITIALIZED_AUTOS = YES_AGGRESSIVE;
				GCC_WARN_UNUSED_FUNCTION = YES;
				GCC_WARN_UNUSED_VARIABLE = YES;
				MTL_ENABLE_DEBUG_INFO = NO;
				PRODUCT_NAME = "$(TARGET_NAME)";
				VALIDATE_PRODUCT = YES;
			};
			name = Release;
		};
		C1DF8E0EF05BAD39267968EB /* Release */ = {
			isa = XCBuildConfiguration;
			buildSettings = {
				ASSETCATALOG_COMPILER_APPICON_NAME = AppIcon;
				CODE_SIGN_IDENTITY = "iPhone Developer";
				ENABLE_PREVIEWS = YES;
				INFOPLIST_FILE = "Derived/InfoPlists/ShiftTest-Info.plist";
				IPHONEOS_DEPLOYMENT_TARGET = 15.0;
				LD_RUNPATH_SEARCH_PATHS = (
					"$(inherited)",
					"@executable_path/Frameworks",
				);
				PRODUCT_BUNDLE_IDENTIFIER = com.martynenko.vadimShiftTest;
				PRODUCT_NAME = ShiftTest;
				SDKROOT = iphoneos;
				SUPPORTS_MACCATALYST = NO;
				SUPPORTS_MAC_DESIGNED_FOR_IPHONE_IPAD = YES;
				SUPPORTS_XR_DESIGNED_FOR_IPHONE_IPAD = NO;
				SWIFT_COMPILATION_MODE = wholemodule;
				SWIFT_OPTIMIZATION_LEVEL = "-Owholemodule";
				SWIFT_VERSION = 5.0;
				TARGETED_DEVICE_FAMILY = "1,2";
			};
			name = Release;
		};
		C9A6F476035EA22ECEC47991 /* Debug */ = {
			isa = XCBuildConfiguration;
			buildSettings = {
				ASSETCATALOG_COMPILER_APPICON_NAME = AppIcon;
				CODE_SIGN_IDENTITY = "iPhone Developer";
				ENABLE_PREVIEWS = YES;
				INFOPLIST_FILE = "Derived/InfoPlists/ShiftTest-Info.plist";
				IPHONEOS_DEPLOYMENT_TARGET = 15.0;
				LD_RUNPATH_SEARCH_PATHS = (
					"$(inherited)",
					"@executable_path/Frameworks",
				);
				PRODUCT_BUNDLE_IDENTIFIER = com.martynenko.vadimShiftTest;
				PRODUCT_NAME = ShiftTest;
				SDKROOT = iphoneos;
				SUPPORTS_MACCATALYST = NO;
				SUPPORTS_MAC_DESIGNED_FOR_IPHONE_IPAD = YES;
				SUPPORTS_XR_DESIGNED_FOR_IPHONE_IPAD = NO;
				SWIFT_ACTIVE_COMPILATION_CONDITIONS = (
					"$(inherited)",
					DEBUG,
				);
				SWIFT_COMPILATION_MODE = singlefile;
				SWIFT_OPTIMIZATION_LEVEL = "-Onone";
				SWIFT_VERSION = 5.0;
				TARGETED_DEVICE_FAMILY = "1,2";
			};
			name = Debug;
		};
/* End XCBuildConfiguration section */

/* Begin XCConfigurationList section */
		BE7FC802F2AF7C735E02557C /* Build configuration list for PBXNativeTarget "ShiftTest" */ = {
			isa = XCConfigurationList;
			buildConfigurations = (
				C9A6F476035EA22ECEC47991 /* Debug */,
				C1DF8E0EF05BAD39267968EB /* Release */,
			);
			defaultConfigurationIsVisible = 0;
			defaultConfigurationName = Release;
		};
		D1AB97F81446122F8FDA947D /* Build configuration list for PBXProject "ShiftTest" */ = {
			isa = XCConfigurationList;
			buildConfigurations = (
				0F9D8835390384A11F536036 /* Debug */,
				2A809E018E04649F2246731E /* Release */,
			);
			defaultConfigurationIsVisible = 0;
			defaultConfigurationName = Release;
		};
/* End XCConfigurationList section */

/* Begin XCRemoteSwiftPackageReference section */
		D167169273CB4E103BB1A018 /* XCRemoteSwiftPackageReference "MyCommon" */ = {
			isa = XCRemoteSwiftPackageReference;
			repositoryURL = "https://github.com/VadimBaby/MyCommon.git";
			requirement = {
				kind = upToNextMajorVersion;
				minimumVersion = 1.0.1;
			};
		};
/* End XCRemoteSwiftPackageReference section */

/* Begin XCSwiftPackageProductDependency section */
		1AD991604FE3E0CDA55D61B6 /* MyCommon */ = {
			isa = XCSwiftPackageProductDependency;
			productName = MyCommon;
		};
/* End XCSwiftPackageProductDependency section */
	};
	rootObject = 93E42234F4A6033E71D9BCE8 /* Project object */;
}
